{
    "requires": true,
    "lockfileVersion": 1,
    "dependencies": {
        "@fortawesome/fontawesome-free": {
            "version": "5.15.4",
            "resolved": "https://registry.npmjs.org/@fortawesome/fontawesome-free/-/fontawesome-free-5.15.4.tgz",
            "integrity": "sha512-eYm8vijH/hpzr/6/1CJ/V/Eb1xQFW2nnUKArb3z+yUWv7HTwj6M7SP957oMjfZjAHU6qpoNc2wQvIxBLWYa/Jg=="
        },
        "@prettier/plugin-php": {
            "version": "0.19.3",
            "resolved": "https://registry.npmjs.org/@prettier/plugin-php/-/plugin-php-0.19.3.tgz",
            "integrity": "sha512-gCwN+jqrnSC3zW228ZJi6oObAgzFUECSk+2IpKUeC86RZwlPxT/yooKyXiGaesNRl4xtnH3FBjQtaaGrCEzr+Q==",
            "dev": true,
            "requires": {
                "linguist-languages": "^7.21.0",
                "mem": "^8.0.0",
                "php-parser": "^3.1.3"
            }
        },
        "axios": {
            "version": "0.25.0",
            "resolved": "https://registry.npmjs.org/axios/-/axios-0.25.0.tgz",
            "integrity": "sha512-cD8FOb0tRH3uuEe6+evtAbgJtfxr7ly3fQjYcMcuPlgkwVS9xboaVIpcDV+cYQe+yGykgwZCs1pzjntcGa6l5g==",
            "dev": true,
            "requires": {
                "follow-redirects": "^1.14.7"
            }
        },
        "bootstrap": {
            "version": "4.6.2",
            "resolved": "https://registry.npmjs.org/bootstrap/-/bootstrap-4.6.2.tgz",
            "integrity": "sha512-51Bbp/Uxr9aTuy6ca/8FbFloBUJZLHwnhTcnjIeRn2suQWsWzcuJhGjKDB5eppVte/8oCdOL3VuwxvZDUggwGQ=="
        },
        "bootstrap-colorpicker": {
            "version": "3.4.0",
            "resolved": "https://registry.npmjs.org/bootstrap-colorpicker/-/bootstrap-colorpicker-3.4.0.tgz",
            "integrity": "sha512-7vA0hvLrat3ptobEKlT9+6amzBUJcDAoh6hJRQY/AD+5dVZYXXf1ivRfrTwmuwiVLJo9rZwM8YB4lYzp6agzqg==",
            "requires": {
                "bootstrap": ">=4.0",
                "jquery": ">=2.2",
                "popper.js": ">=1.10"
            }
        },
        "bootstrap-daterangepicker": {
            "version": "3.1.0",
            "resolved": "https://registry.npmjs.org/bootstrap-daterangepicker/-/bootstrap-daterangepicker-3.1.0.tgz",
            "integrity": "sha512-oaQZx6ZBDo/dZNyXGVi2rx5GmFXThyQLAxdtIqjtLlYVaQUfQALl5JZMJJZzyDIX7blfy4ppZPAJ10g8Ma4d/g==",
            "requires": {
                "jquery": ">=1.10",
                "moment": "^2.9.0"
            }
        },
        "bootstrap-social": {
            "version": "5.1.1",
            "resolved": "https://registry.npmjs.org/bootstrap-social/-/bootstrap-social-5.1.1.tgz",
            "integrity": "sha512-26/oT2rVCyyj7QmbrAwR/L3lHZNDWUdlpjh6a+tnBtB75UnEBEx5btwi7aX505w8pTXvkil8vt0faRGSa5NOdQ==",
            "requires": {
                "bootstrap": "~3",
                "font-awesome": "~4.7"
            },
            "dependencies": {
                "bootstrap": {
                    "version": "3.4.1",
                    "resolved": "https://registry.npmjs.org/bootstrap/-/bootstrap-3.4.1.tgz",
                    "integrity": "sha512-yN5oZVmRCwe5aKwzRj6736nSmKDX7pLYwsXiCj/EYmo16hODaBiT4En5btW/jhBF/seV+XMx3aYwukYC3A49DA=="
                }
            }
        },
        "bootstrap-tagsinput": {
            "version": "0.7.1",
            "resolved": "https://registry.npmjs.org/bootstrap-tagsinput/-/bootstrap-tagsinput-0.7.1.tgz",
            "integrity": "sha512-xSks67GWgXLnmO5gqp788vhh7WoXd9mHj5uKE5zg8rvw3sNYYSCjrSlrPRlPdpYKwmuxeuf2jsNjBSWEucyB1w=="
        },
        "bootstrap-timepicker": {
            "version": "0.5.2",
            "resolved": "https://registry.npmjs.org/bootstrap-timepicker/-/bootstrap-timepicker-0.5.2.tgz",
            "integrity": "sha512-ZUEEu2H6hz/6N8Myi0KGxyqZ5+SmNbPKLgD/2s4dQcK/MrUw/1b9OmK46dSLVwKEARTWITCWz6QRZAJs5YeRBA=="
        },
        "chart.js": {
            "version": "2.9.4",
            "resolved": "https://registry.npmjs.org/chart.js/-/chart.js-2.9.4.tgz",
            "integrity": "sha512-B07aAzxcrikjAPyV+01j7BmOpxtQETxTSlQ26BEYJ+3iUkbNKaOJ/nDbT6JjyqYxseM0ON12COHYdU2cTIjC7A==",
            "requires": {
                "chartjs-color": "^2.1.0",
                "moment": "^2.10.2"
            }
        },
        "chartjs-color": {
            "version": "2.4.1",
            "resolved": "https://registry.npmjs.org/chartjs-color/-/chartjs-color-2.4.1.tgz",
            "integrity": "sha512-haqOg1+Yebys/Ts/9bLo/BqUcONQOdr/hoEr2LLTRl6C5LXctUdHxsCYfvQVg5JIxITrfCNUDr4ntqmQk9+/0w==",
            "requires": {
                "chartjs-color-string": "^0.6.0",
                "color-convert": "^1.9.3"
            }
        },
        "chartjs-color-string": {
            "version": "0.6.0",
            "resolved": "https://registry.npmjs.org/chartjs-color-string/-/chartjs-color-string-0.6.0.tgz",
            "integrity": "sha512-TIB5OKn1hPJvO7JcteW4WY/63v6KwEdt6udfnDE9iCAZgy+V4SrbSxoIbTw/xkUIapjEI4ExGtD0+6D3KyFd7A==",
            "requires": {
                "color-name": "^1.0.0"
            }
        },
        "chocolat": {
            "version": "0.4.21",
            "resolved": "https://registry.npmjs.org/chocolat/-/chocolat-0.4.21.tgz",
            "integrity": "sha512-KvaGUM4FAYsk+8Mfwrzw90zwP9Dfb4t9grwwDb17hqVxT+Z+T6hpAD8xkGkIwn9xxwiQdOpl0G6jn04O+UZwnA==",
            "requires": {
                "jquery": "^3.0"
            }
        },
        "cleave.js": {
            "version": "1.6.0",
            "resolved": "https://registry.npmjs.org/cleave.js/-/cleave.js-1.6.0.tgz",
            "integrity": "sha512-ivqesy3j5hQVG3gywPfwKPbi/7ZSftY/UNp5uphnqjr25yI2CP8FS2ODQPzuLXXnNLi29e2+PgPkkiKUXLs/Nw=="
        },
        "codemirror": {
            "version": "5.65.11",
            "resolved": "https://registry.npmjs.org/codemirror/-/codemirror-5.65.11.tgz",
            "integrity": "sha512-Gp62g2eKSCHYt10axmGhKq3WoJSvVpvhXmowNq7pZdRVowwtvBR/hi2LSP5srtctKkRT33T6/n8Kv1UGp7JW4A=="
        },
        "color-convert": {
            "version": "1.9.3",
            "resolved": "https://registry.npmjs.org/color-convert/-/color-convert-1.9.3.tgz",
            "integrity": "sha512-QfAUtd+vFdAtFQcC8CCyYt1fYWxSqAiK2cSD6zDB8N3cpsEBAvRxp9zOGg6G/SHHJYAT88/az/IuDGALsNVbGg==",
            "requires": {
                "color-name": "1.1.3"
            },
            "dependencies": {
                "color-name": {
                    "version": "1.1.3",
                    "resolved": "https://registry.npmjs.org/color-name/-/color-name-1.1.3.tgz",
                    "integrity": "sha512-72fSenhMw2HZMTVHeCA9KCmpEIbzWiQsjN+BHcBbS9vr1mtt+vJjPdksIBNUmKAW8TFUDPJK5SUU3QhE9NEXDw=="
                }
            }
        },
        "color-name": {
            "version": "1.1.4",
            "resolved": "https://registry.npmjs.org/color-name/-/color-name-1.1.4.tgz",
            "integrity": "sha512-dOy+3AuW3a2wNbZHIuMZpTcgjGuLU/uBL/ubcZF9OXbDo8ff4O8yVp5Bf0efS8uEoYo5q4Fx7dY9OgQGXgAsQA=="
        },
        "datatables": {
            "version": "1.10.18",
            "resolved": "https://registry.npmjs.org/datatables/-/datatables-1.10.18.tgz",
            "integrity": "sha512-ntatMgS9NN6UMpwbmO+QkYJuKlVeMA2Mi0Gu/QxyIh+dW7ZjLSDhPT2tWlzjpIWEkDYgieDzS9Nu7bdQCW0sbQ==",
            "requires": {
                "jquery": ">=1.7"
            }
        },
        "datatables.net": {
            "version": "1.13.2",
            "resolved": "https://registry.npmjs.org/datatables.net/-/datatables.net-1.13.2.tgz",
            "integrity": "sha512-u5nOU+C9SBp1SyPmd6G+niozZtrBwo1E8xzdOk3JJaAkFYgX/KxF3Gd79R8YLbUfmIs2OLnLe5gaz/qs5U8UDA==",
            "requires": {
                "jquery": ">=1.7"
            }
        },
        "datatables.net-bs4": {
            "version": "1.13.2",
            "resolved": "https://registry.npmjs.org/datatables.net-bs4/-/datatables.net-bs4-1.13.2.tgz",
            "integrity": "sha512-sr5D4pV+VqIfPGPh3oKQDu+denk/bZ3ObyAYp/EbQLoLw2U6dvVJifHeccCC5M+ZhYtucHVID/qpbswx90QQHA==",
            "requires": {
                "datatables.net": ">=1.12.1",
                "jquery": ">=1.7"
            }
        },
        "datatables.net-responsive": {
            "version": "2.4.0",
            "resolved": "https://registry.npmjs.org/datatables.net-responsive/-/datatables.net-responsive-2.4.0.tgz",
            "integrity": "sha512-Acws4aEPJZX/+CQsXpuDBHfrwgl3XxWEc/zlsnJCXE/GGbqjVAtQt7SM6EBcdReMv1FbyWUlF/Uw+de11NT46A==",
            "requires": {
                "datatables.net": ">=1.12.1",
                "jquery": ">=1.7"
            }
        },
        "datatables.net-responsive-bs4": {
            "version": "2.4.0",
            "resolved": "https://registry.npmjs.org/datatables.net-responsive-bs4/-/datatables.net-responsive-bs4-2.4.0.tgz",
            "integrity": "sha512-zCAxwcuaLneJd3Yy1eKZU3wksIj4IFvcaQEXrFeVBgsl6iH3H+uqW9apwdadDL8agsBHdsln08qYjkz8bYY7Bg==",
            "requires": {
                "datatables.net-bs4": ">=1.12.1",
                "datatables.net-responsive": ">=2.3.0",
                "jquery": ">=1.7"
            }
        },
        "datatables.net-select": {
            "version": "1.6.0",
            "resolved": "https://registry.npmjs.org/datatables.net-select/-/datatables.net-select-1.6.0.tgz",
            "integrity": "sha512-1kj32GOXs/dSpjBL5iDV3pwRwHU0hhJLPnTW/NOUH8Vhv1rGR3/X3PMSCc/T+Fy7J1jCJFbk8hQDsruXQKfSzw==",
            "requires": {
                "datatables.net": ">=1.12.1",
                "jquery": ">=1.7"
            }
        },
        "datatables.net-select-bs4": {
            "version": "1.6.0",
            "resolved": "https://registry.npmjs.org/datatables.net-select-bs4/-/datatables.net-select-bs4-1.6.0.tgz",
            "integrity": "sha512-oHClu+R1IMpttFse0cAdUhl4uLHGgoHrFEU/QxpASOQLd1h4CtkiVnmDr0fFRvm6XZMRTNt5xgYgwr262YuXyQ==",
            "requires": {
                "datatables.net-bs4": ">=1.12.1",
                "datatables.net-select": ">=1.4.0",
                "jquery": ">=1.7"
            }
        },
        "dropzone": {
            "version": "5.9.3",
            "resolved": "https://registry.npmjs.org/dropzone/-/dropzone-5.9.3.tgz",
            "integrity": "sha512-Azk8kD/2/nJIuVPK+zQ9sjKMRIpRvNyqn9XwbBHNq+iNuSccbJS6hwm1Woy0pMST0erSo0u4j+KJaodndDk4vA=="
        },
        "es6-object-assign": {
            "version": "1.1.0",
            "resolved": "https://registry.npmjs.org/es6-object-assign/-/es6-object-assign-1.1.0.tgz",
            "integrity": "sha512-MEl9uirslVwqQU369iHNWZXsI8yaZYGg/D65aOgZkeyFJwHYSxilf7rQzXKI7DdDuBPrBXbfk3sl9hJhmd5AUw=="
        },
        "flag-icon-css": {
            "version": "3.5.0",
            "resolved": "https://registry.npmjs.org/flag-icon-css/-/flag-icon-css-3.5.0.tgz",
            "integrity": "sha512-pgJnJLrtb0tcDgU1fzGaQXmR8h++nXvILJ+r5SmOXaaL/2pocunQo2a8TAXhjQnBpRLPtZ1KCz/TYpqeNuE2ew=="
        },
        "follow-redirects": {
            "version": "1.15.2",
            "resolved": "https://registry.npmjs.org/follow-redirects/-/follow-redirects-1.15.2.tgz",
            "integrity": "sha512-VQLG33o04KaQ8uYi2tVNbdrWp1QWxNNea+nmIB4EVM28v0hmP17z7aG1+wAkNzVq4KeXTq3221ye5qTJP91JwA==",
            "dev": true
        },
        "font-awesome": {
            "version": "4.7.0",
            "resolved": "https://registry.npmjs.org/font-awesome/-/font-awesome-4.7.0.tgz",
            "integrity": "sha512-U6kGnykA/6bFmg1M/oT9EkFeIYv7JlX3bozwQJWiiLz6L0w3F5vBVPxHlwyX/vtNq1ckcpRKOB9f2Qal/VtFpg=="
        },
        "fullcalendar": {
            "version": "3.10.5",
            "resolved": "https://registry.npmjs.org/fullcalendar/-/fullcalendar-3.10.5.tgz",
            "integrity": "sha512-JGWpECKgza/344bbF5QT0hBJpx04DZ/7QGPlR1ZbAwrG6Yz6mWEkQd+NnZUh1sK6HCBIPnPRW2x53aJxeLGvvQ=="
        },
        "gmaps": {
            "version": "0.4.25",
            "resolved": "https://registry.npmjs.org/gmaps/-/gmaps-0.4.25.tgz",
            "integrity": "sha512-a2qZl3SMbfGow02WUWWH9+Cc0kVrUCnhSh+b13P7XTi8pauLHpa0A/8rYK9x4C/iPdkfAY0FAOyuwqHnLPHi4w=="
        },
        "ionicons201": {
            "version": "1.0.0",
            "resolved": "https://registry.npmjs.org/ionicons201/-/ionicons201-1.0.0.tgz",
            "integrity": "sha512-7PZISbGUrZaKMGPusTLWxjH8Lm88XDEsr+N+WKV//cvahXsGpcOf+1v1zMk48uEhaUksLc5JOr6Eb3KFmeufCw=="
        },
        "izitoast": {
            "version": "1.4.0",
            "resolved": "https://registry.npmjs.org/izitoast/-/izitoast-1.4.0.tgz",
            "integrity": "sha512-Oc1X2wiQtPp39i5VpIjf3GJf5sfCtHKXZ5szx7RareyEeFLUlcEW0FSfBni28+Ul6KNKZRKzhVuWzSP4Xngh0w=="
        },
        "jquery": {
            "version": "3.6.3",
            "resolved": "https://registry.npmjs.org/jquery/-/jquery-3.6.3.tgz",
            "integrity": "sha512-bZ5Sy3YzKo9Fyc8wH2iIQK4JImJ6R0GWI9kL1/k7Z91ZBNgkRXE6U0JfHIizZbort8ZunhSI3jw9I6253ahKfg=="
        },
        "jquery-sparkline": {
            "version": "2.4.0",
            "resolved": "https://registry.npmjs.org/jquery-sparkline/-/jquery-sparkline-2.4.0.tgz",
            "integrity": "sha512-SzjpMkOwlnqZpH4Ni2UbdRU5GxDl/BljgN8Smlun7CXUDqRhjPf2eolJ37KKcaG0/ufsMKY+XDERfPTV1hIcjg=="
        },
        "jquery-ui-dist": {
            "version": "1.13.2",
            "resolved": "https://registry.npmjs.org/jquery-ui-dist/-/jquery-ui-dist-1.13.2.tgz",
            "integrity": "sha512-oVDRd1NLtTbBwpRKAYdIRgpWVDzeBhfy7Gu0RmY6JEaZtmBq6kDn1pm5SgDiAotrnDS+RoTRXO6xvcNTxA9tOA==",
            "requires": {
                "jquery": ">=1.8.0 <4.0.0"
            }
        },
        "jquery.nicescroll": {
            "version": "3.7.6",
            "resolved": "https://registry.npmjs.org/jquery.nicescroll/-/jquery.nicescroll-3.7.6.tgz",
            "integrity": "sha512-H4XOzQDw/fJIFftYGemNDAr9sz52zr35+JEubsTNGrTAtxQra4qnu6UnOe+avEHVPy8HnyoHgIpvPXedGSCfTw==",
            "requires": {
                "jquery": ">=1.8.3"
            }
        },
        "jqvmap": {
            "version": "git+ssh://git@github.com/10bestdesign/jqvmap.git#a72d26248c87b6db8ea1d962475a506bdd989134",
            "from": "jqvmap@github:10bestdesign/jqvmap",
            "requires": {
                "jquery": "~1.11.3"
            },
            "dependencies": {
                "jquery": {
                    "version": "1.11.3",
                    "resolved": "https://registry.npmjs.org/jquery/-/jquery-1.11.3.tgz",
                    "integrity": "sha512-pHM/XLofp0FJc0/0AsRm8q/5ob+a1kno+vfclXGozaMBPv3qD7Xq19loECVcBB4MOLdygnyneQMPTsH5QiVNBQ=="
                }
            }
        },
        "linguist-languages": {
            "version": "7.21.0",
            "resolved": "https://registry.npmjs.org/linguist-languages/-/linguist-languages-7.21.0.tgz",
            "integrity": "sha512-KrWJJbFOvlDhjlt5OhUipVlXg+plUfRurICAyij1ZVxQcqPt/zeReb9KiUVdGUwwhS/2KS9h3TbyfYLA5MDlxQ==",
            "dev": true
        },
        "lodash": {
            "version": "4.17.21",
            "resolved": "https://registry.npmjs.org/lodash/-/lodash-4.17.21.tgz",
            "integrity": "sha512-v2kDEe57lecTulaDIuNTPy3Ry4gLGJ6Z1O3vE1krgXZNrsQ+LFTGHVxVjcXPs17LhbZVGedAJv8XZ1tvj5FvSg==",
            "dev": true
        },
        "map-age-cleaner": {
            "version": "0.1.3",
            "resolved": "https://registry.npmjs.org/map-age-cleaner/-/map-age-cleaner-0.1.3.tgz",
            "integrity": "sha512-bJzx6nMoP6PDLPBFmg7+xRKeFZvFboMrGlxmNj9ClvX53KrmvM5bXFXEWjbz4cz1AFn+jWJ9z/DJSz7hrs0w3w==",
            "dev": true,
            "requires": {
                "p-defer": "^1.0.0"
            }
        },
        "mem": {
            "version": "8.1.1",
            "resolved": "https://registry.npmjs.org/mem/-/mem-8.1.1.tgz",
            "integrity": "sha512-qFCFUDs7U3b8mBDPyz5EToEKoAkgCzqquIgi9nkkR9bixxOVOre+09lbuH7+9Kn2NFpm56M3GUWVbU2hQgdACA==",
            "dev": true,
            "requires": {
                "map-age-cleaner": "^0.1.3",
                "mimic-fn": "^3.1.0"
            }
        },
        "mimic-fn": {
            "version": "3.1.0",
            "resolved": "https://registry.npmjs.org/mimic-fn/-/mimic-fn-3.1.0.tgz",
            "integrity": "sha512-Ysbi9uYW9hFyfrThdDEQuykN4Ey6BuwPD2kpI5ES/nFTDn/98yxYNLZJcgUAKPT/mcrLLKaGzJR9YVxJrIdASQ==",
            "dev": true
        },
        "moment": {
            "version": "2.29.4",
            "resolved": "https://registry.npmjs.org/moment/-/moment-2.29.4.tgz",
            "integrity": "sha512-5LC9SOxjSc2HF6vO2CyuTDNivEdoz2IvyJJGj6X8DJ0eFyfszE0QiEd+iXmBvUP3WHxSjFH/vIsA0EN00cgr8w=="
        },
        "nanoid": {
            "version": "3.3.4",
            "resolved": "https://registry.npmjs.org/nanoid/-/nanoid-3.3.4.tgz",
            "integrity": "sha512-MqBkQh/OHTS2egovRtLk45wEyNXwF+cokD+1YPf9u5VfJiRdAiRwB2froX5Co9Rh20xs4siNPm8naNotSD6RBw==",
            "dev": true
        },
        "nicescroll": {
            "version": "3.7.4",
            "resolved": "https://registry.npmjs.org/nicescroll/-/nicescroll-3.7.4.tgz",
            "integrity": "sha512-e5UKvdaFlWJtiGy1kd+iX0mVJX4fD9l/aFZzK0igIFql5gr0qtPNuQ3WEGLvI8EuEvllNHY8vMO5WsP2fCtPAw==",
            "requires": {
                "jquery": ">=1.8.3"
            }
        },
        "owl.carousel": {
            "version": "2.3.4",
            "resolved": "https://registry.npmjs.org/owl.carousel/-/owl.carousel-2.3.4.tgz",
            "integrity": "sha512-JaDss9+feAvEW8KZppPSpllfposEzQiW+Ytt/Xm5t/3CTJ7YVmkh6RkWixoA2yXk2boIwedYxOvrrppIGzru9A==",
            "requires": {
                "jquery": ">=1.8.3"
            }
        },
        "p-defer": {
            "version": "1.0.0",
            "resolved": "https://registry.npmjs.org/p-defer/-/p-defer-1.0.0.tgz",
            "integrity": "sha512-wB3wfAxZpk2AzOfUMJNL+d36xothRSyj8EXOa4f6GMqYDN9BJaaSISbsk+wS9abmnebVw95C2Kb5t85UmpCxuw==",
            "dev": true
        },
        "perfect-scrollbar": {
            "version": "1.5.5",
            "resolved": "https://registry.npmjs.org/perfect-scrollbar/-/perfect-scrollbar-1.5.5.tgz",
            "integrity": "sha512-dzalfutyP3e/FOpdlhVryN4AJ5XDVauVWxybSkLZmakFE2sS3y3pc4JnSprw8tGmHvkaG5Edr5T7LBTZ+WWU2g=="
        },
        "php-parser": {
            "version": "3.1.3",
            "resolved": "https://registry.npmjs.org/php-parser/-/php-parser-3.1.3.tgz",
            "integrity": "sha512-hPvBmnRYPqWEtMfIFOlyjQv1q75UUtxt4U+YscKIQViGmEE2Xa4BuS1B1/cZdjy7MVcwtnr0WkEsr915LgRKOw==",
            "dev": true
        },
        "picocolors": {
            "version": "1.0.0",
            "resolved": "https://registry.npmjs.org/picocolors/-/picocolors-1.0.0.tgz",
            "integrity": "sha512-1fygroTLlHu66zi26VoTDv8yRgm0Fccecssto+MhsZ0D/DGW2sm8E8AjW7NU5VVTRt5GxbeZ5qBuJr+HyLYkjQ==",
            "dev": true
        },
        "popper.js": {
            "version": "1.16.1",
            "resolved": "https://registry.npmjs.org/popper.js/-/popper.js-1.16.1.tgz",
            "integrity": "sha512-Wb4p1J4zyFTbM+u6WuO4XstYx4Ky9Cewe4DWrel7B0w6VVICvPwdOpotjzcf6eD8TsckVnIMNONQyPIUFOUbCQ=="
        },
        "postcss": {
            "version": "8.4.21",
            "resolved": "https://registry.npmjs.org/postcss/-/postcss-8.4.21.tgz",
            "integrity": "sha512-tP7u/Sn/dVxK2NnruI4H9BG+x+Wxz6oeZ1cJ8P6G/PZY0IKk4k/63TDsQf2kQq3+qoJeLm2kIBUNlZe3zgb4Zg==",
            "dev": true,
            "requires": {
                "nanoid": "^3.3.4",
                "picocolors": "^1.0.0",
                "source-map-js": "^1.0.2"
            }
        },
        "prettier": {
            "version": "2.8.4",
            "resolved": "https://registry.npmjs.org/prettier/-/prettier-2.8.4.tgz",
            "integrity": "sha512-vIS4Rlc2FNh0BySk3Wkd6xmwxB0FpOndW5fisM5H8hsZSxU2VWVB5CWIkIjWvrHjIhxk2g3bfMKM87zNTrZddw==",
            "dev": true
        },
        "prismjs": {
            "version": "1.29.0",
            "resolved": "https://registry.npmjs.org/prismjs/-/prismjs-1.29.0.tgz",
            "integrity": "sha512-Kx/1w86q/epKcmte75LNrEoT+lX8pBpavuAbvJWRXar7Hz8jrtF+e3vY751p0R8H9HdArwaCTNDDzHg/ScJK1Q=="
        },
        "promise-polyfill": {
            "version": "6.1.0",
            "resolved": "https://registry.npmjs.org/promise-polyfill/-/promise-polyfill-6.1.0.tgz",
            "integrity": "sha512-g0LWaH0gFsxovsU7R5LrrhHhWAWiHRnh1GPrhXnPgYsDkIqjRYUYSZEsej/wtleDrz5xVSIDbeKfidztp2XHFQ=="
        },
        "select2": {
            "version": "4.0.13",
            "resolved": "https://registry.npmjs.org/select2/-/select2-4.0.13.tgz",
            "integrity": "sha512-1JeB87s6oN/TDxQQYCvS5EFoQyvV6eYMZZ0AeA4tdFDYWN3BAGZ8npr17UBFddU0lgAt3H0yjX3X6/ekOj1yjw=="
        },
        "selectric": {
            "version": "1.13.0",
            "resolved": "https://registry.npmjs.org/selectric/-/selectric-1.13.0.tgz",
            "integrity": "sha512-kb1iOLBTvg0EiVieJjXlFj07RTKoom0a3/SedWD1tuQ47N2S9l4gvkhTvGhhhhdh/zCgkbZ44/GiczT8dWfAGA==",
            "requires": {
                "jquery": "^3.1.1"
            }
        },
        "simpleweather": {
            "version": "3.1.0",
            "resolved": "https://registry.npmjs.org/simpleweather/-/simpleweather-3.1.0.tgz",
            "integrity": "sha512-xVcjXiJYqRQpmv7M+WkciMMMOxYLN4PCwcW2H4qY0mbVcbisJfMgUaf8x/b+5mMS1324ZJlU+p0r8/VKFH8f/A=="
        },
        "source-map-js": {
            "version": "1.0.2",
            "resolved": "https://registry.npmjs.org/source-map-js/-/source-map-js-1.0.2.tgz",
            "integrity": "sha512-R0XvVJ9WusLiqTCEiGCmICCMplcCkIwwR11mOSD9CR5u+IXYdiseeEuXCVAjS54zqwkLcPNnmU4OeJ6tUrWhDw==",
            "dev": true
        },
        "sticky-kit": {
            "version": "1.1.3",
            "resolved": "https://registry.npmjs.org/sticky-kit/-/sticky-kit-1.1.3.tgz",
            "integrity": "sha512-3TTTqSvKP/wfgXuEY444fwN5w1jsN35PIh1yIg2/1vCNmKJh+PRAXUhvSnZqjddOq86WtpL9slNm+BcEXBrteA=="
        },
        "sweetalert": {
            "version": "2.1.2",
            "resolved": "https://registry.npmjs.org/sweetalert/-/sweetalert-2.1.2.tgz",
            "integrity": "sha512-iWx7X4anRBNDa/a+AdTmvAzQtkN1+s4j/JJRWlHpYE8Qimkohs8/XnFcWeYHH2lMA8LRCa5tj2d244If3S/hzA==",
            "requires": {
                "es6-object-assign": "^1.1.0",
                "promise-polyfill": "^6.0.2"
            }
        },
        "tooltip.js": {
            "version": "1.3.3",
            "resolved": "https://registry.npmjs.org/tooltip.js/-/tooltip.js-1.3.3.tgz",
            "integrity": "sha512-XWWuy/dBdF/F/YpRE955yqBZ4VdLfiTAUdOqoU+wJm6phJlMpEzl/iYHZ+qJswbeT9VG822bNfsETF9wzmoy5A==",
            "requires": {
                "popper.js": "^1.0.2"
            }
        },
        "weathericons": {
            "version": "2.1.0",
            "resolved": "https://registry.npmjs.org/weathericons/-/weathericons-2.1.0.tgz",
            "integrity": "sha512-V45viuyuQQOuoePTqzxvP/wBpYALWkD695fkFvqpn+BiMyo64fFlyDbP2A8umZyFyz1cXFPNw1pWqeaSaQqJlQ=="
        }
    }
}
